<?xml version="1.0" encoding="UTF-8" standalone="yes" ?>
<CodeBlocks_project_file>
	<FileVersion major="1" minor="6" />
	<Project>
		<Option title="clanglib (Unix)" />
		<Option pch_mode="2" />
		<Option default_target="ClangLib" />
		<Option compiler="gcc" />
		<Build>
			<Target title="ClangLib">
				<Option output="../../devel/share/codeblocks/plugins/libclanglib" prefix_auto="0" extension_auto="1" />
				<Option working_dir="../../devel" />
				<Option object_output="../../.objs/plugins/clanglib" />
				<Option type="3" />
				<Option compiler="gcc" />
				<Option parameters="--debug-log --multiple-instance -ns -ni -v -p debug" />
				<Option host_application="./codeblocks" />
				<Option run_host_application_in_terminal="0" />
				<Option projectCompilerOptionsRelation="2" />
				<Compiler>
					<Add option="$(#CB_RELEASE_TYPE)" />
					<Add option="-DBUILDING_PLUGIN" />
					<Add directory="." />
				</Compiler>
				<ExtraCommands>
					<Add after="zip -j9 ../../devel/share/codeblocks/clanglib.zip resources/manifest.xml" />
				</ExtraCommands>
			</Target>
		</Build>
		<VirtualTargets>
			<Add alias="All" targets="ClangLib;" />
		</VirtualTargets>
		<Compiler>
			<Add option="-Wextra" />
			<Add option="-Wall" />
			<Add option="-ansi" />
			<Add option="$(#CB_RELEASE_TYPE)" />
			<Add option="`wx-config --version=2.8 --cflags`" />
			<Add option="-I`llvm-config --includedir`" />
			<Add option="-fmessage-length=0" />
			<Add option="-fexceptions" />
			<Add option="-Winvalid-pch" />
			<Add option="-fPIC" />
			<Add option="-DcbDEBUG" />
			<Add option="-DCB_PRECOMP" />
			<Add option="-DWX_PRECOMP" />
			<Add directory="../../include" />
			<Add directory="../../sdk/wxscintilla/include" />
		</Compiler>
		<Linker>
			<Add option="`wx-config --version=2.8 --libs`" />
			<Add option="-L`llvm-config --libdir`" />
			<Add option="-Wl,--no-undefined" />
			<Add library="codeblocks" />
			<Add library="clang" />
			<Add directory="../../devel" />
		</Linker>
		<Unit filename="README.md" />
		<Unit filename="clangplugin.cpp" />
		<Unit filename="clangplugin.h" />
		<Unit filename="clangproxy.cpp" />
		<Unit filename="clangproxy.h" />
		<Unit filename="resources/manifest.xml" />
		<Unit filename="tokendatabase.cpp" />
		<Unit filename="tokendatabase.h" />
		<Unit filename="translationunit.cpp" />
		<Unit filename="translationunit.h" />
		<Unit filename="treemap.cpp" />
		<Unit filename="treemap.h" />
		<Extensions>
			<code_completion />
			<envvars />
			<debugger />
		</Extensions>
	</Project>
</CodeBlocks_project_file>
